<?xml version="1.0" encoding="utf-8"?>
<Project ToolsVersion="4.0" xmlns="http://schemas.microsoft.com/developer/msbuild/2003">
  <ItemGroup>
    <Filter Include="SNet">
      <UniqueIdentifier>{72ba9cab-54e8-405f-8d96-c3ae11d2a05d}</UniqueIdentifier>
    </Filter>
    <Filter Include="GameInfo">
      <UniqueIdentifier>{d5045328-a344-4ee6-9d70-6ae2360c38f0}</UniqueIdentifier>
    </Filter>
    <Filter Include="GameState">
      <UniqueIdentifier>{d2df6923-a587-4ef2-8801-c0f20d48631e}</UniqueIdentifier>
    </Filter>
    <Filter Include="Server">
      <UniqueIdentifier>{f1372b50-294f-4df5-a856-3e0b157f372c}</UniqueIdentifier>
    </Filter>
    <Filter Include="Camera">
      <UniqueIdentifier>{29f4324c-932c-4175-bd45-79443d6ca9ae}</UniqueIdentifier>
    </Filter>
    <Filter Include="GameState\Enemy">
      <UniqueIdentifier>{e7f76f37-3210-4eb3-8134-51fc5bd3935a}</UniqueIdentifier>
    </Filter>
    <Filter Include="GameState\Player">
      <UniqueIdentifier>{a0929685-daf5-4e38-b7f9-192f5f29a68a}</UniqueIdentifier>
    </Filter>
  </ItemGroup>
  <ItemGroup>
    <ClInclude Include="protocol.h">
      <Filter>SNet</Filter>
    </ClInclude>
    <ClInclude Include="stdafx.h">
      <Filter>Server</Filter>
    </ClInclude>
    <ClInclude Include="SNet.h">
      <Filter>SNet</Filter>
    </ClInclude>
    <ClInclude Include="ProcessPacket.h">
      <Filter>SNet</Filter>
    </ClInclude>
    <ClInclude Include="Object.h">
      <Filter>GameInfo</Filter>
    </ClInclude>
    <ClInclude Include="Camera.h">
      <Filter>Camera</Filter>
    </ClInclude>
    <ClInclude Include="Player.h">
      <Filter>GameState\Player</Filter>
    </ClInclude>
  </ItemGroup>
  <ItemGroup>
    <ClCompile Include="AUSERVER.cpp">
      <Filter>Server</Filter>
    </ClCompile>
    <ClCompile Include="SNet.cpp">
      <Filter>SNet</Filter>
    </ClCompile>
    <ClCompile Include="ProcessPacket.cpp">
      <Filter>SNet</Filter>
    </ClCompile>
  </ItemGroup>
</Project>