<?xml version="1.0" encoding="utf-8"?>
<Project ToolsVersion="4.0" xmlns="http://schemas.microsoft.com/developer/msbuild/2003">
  <ItemGroup>
    <Filter Include="SNet">
      <UniqueIdentifier>{e4e4638a-be82-4c37-b88a-d216fb9f67e2}</UniqueIdentifier>
    </Filter>
    <Filter Include="GameInfo">
      <UniqueIdentifier>{a4128116-1a95-4fc0-8669-a92571ec375c}</UniqueIdentifier>
    </Filter>
    <Filter Include="Server">
      <UniqueIdentifier>{7a0b1090-4ccc-4f78-b2d8-e073b76561ea}</UniqueIdentifier>
    </Filter>
    <Filter Include="GameState">
      <UniqueIdentifier>{9ab7bb3f-050b-49b1-8465-4db6b505d5b6}</UniqueIdentifier>
    </Filter>
    <Filter Include="GameState\Player">
      <UniqueIdentifier>{466f2be2-ba23-4c22-bb36-4a497d53f5ef}</UniqueIdentifier>
    </Filter>
    <Filter Include="GameState\Emeny">
      <UniqueIdentifier>{b848b084-fe34-4f88-a957-1ccab95a9902}</UniqueIdentifier>
    </Filter>
    <Filter Include="Camera">
      <UniqueIdentifier>{00abb15b-f799-4dba-9cbb-318e7108f6d5}</UniqueIdentifier>
    </Filter>
    <Filter Include="GameObject">
      <UniqueIdentifier>{e8fab1a8-1bdc-473c-a742-857927febfb6}</UniqueIdentifier>
    </Filter>
  </ItemGroup>
  <ItemGroup>
    <ClInclude Include="Camera.h">
      <Filter>Camera</Filter>
    </ClInclude>
    <ClInclude Include="Object.h">
      <Filter>GameObject</Filter>
    </ClInclude>
    <ClInclude Include="ProcessPacket.h">
      <Filter>SNet</Filter>
    </ClInclude>
    <ClInclude Include="SNet.h">
      <Filter>SNet</Filter>
    </ClInclude>
    <ClInclude Include="Player.h">
      <Filter>GameState\Player</Filter>
    </ClInclude>
    <ClInclude Include="stdafx.h">
      <Filter>Server</Filter>
    </ClInclude>
    <ClInclude Include="protocol.h">
      <Filter>Server</Filter>
    </ClInclude>
  </ItemGroup>
  <ItemGroup>
    <ClCompile Include="AUSERVER.cpp">
      <Filter>Server</Filter>
    </ClCompile>
  </ItemGroup>
</Project>