<?xml version="1.0" encoding="utf-8"?>
<Project ToolsVersion="4.0" xmlns="http://schemas.microsoft.com/developer/msbuild/2003">
  <ItemGroup>
    <FxCompile Include="Shaders.hlsl">
      <Filter>HLSL</Filter>
    </FxCompile>
    <FxCompile Include="Light.hlsl">
      <Filter>HLSL</Filter>
    </FxCompile>
    <FxCompile Include="interface.hlsl">
      <Filter>HLSL</Filter>
    </FxCompile>
    <FxCompile Include="Player.hlsl">
      <Filter>HLSL</Filter>
    </FxCompile>
    <FxCompile Include="Terrain.hlsl">
      <Filter>HLSL</Filter>
    </FxCompile>
    <FxCompile Include="Enemy.hlsl">
      <Filter>HLSL</Filter>
    </FxCompile>
    <FxCompile Include="Particles.hlsl">
      <Filter>HLSL</Filter>
    </FxCompile>
    <FxCompile Include="Shadow.hlsl">
      <Filter>HLSL</Filter>
    </FxCompile>
    <FxCompile Include="Health.hlsl">
      <Filter>HLSL</Filter>
    </FxCompile>
  </ItemGroup>
  <ItemGroup>
    <ClCompile Include="Camera.cpp">
      <Filter>Camera</Filter>
    </ClCompile>
    <ClCompile Include="WICTextureLoader12.cpp">
      <Filter>d3dx</Filter>
    </ClCompile>
    <ClCompile Include="DDSTextureLoader12.cpp">
      <Filter>d3dx</Filter>
    </ClCompile>
    <ClCompile Include="Scene.cpp">
      <Filter>Scene</Filter>
    </ClCompile>
    <ClCompile Include="GameFramework.cpp">
      <Filter>GameFramework</Filter>
    </ClCompile>
    <ClCompile Include="LabProject08-8-8(Fbx Animation).cpp">
      <Filter>Project</Filter>
    </ClCompile>
    <ClCompile Include="stdafx.cpp">
      <Filter>Project</Filter>
    </ClCompile>
    <ClCompile Include="Timer.cpp">
      <Filter>Timer</Filter>
    </ClCompile>
    <ClCompile Include="Mesh.cpp">
      <Filter>Mesh</Filter>
    </ClCompile>
    <ClCompile Include="Object.cpp">
      <Filter>GameObject</Filter>
    </ClCompile>
    <ClCompile Include="LevelLoader.cpp">
      <Filter>LevelLoader</Filter>
    </ClCompile>
    <ClCompile Include="CNet.cpp">
      <Filter>Network</Filter>
    </ClCompile>
    <ClCompile Include="CSound.cpp">
      <Filter>CSound</Filter>
    </ClCompile>
    <ClCompile Include="ResourceManager.cpp">
      <Filter>Resource</Filter>
    </ClCompile>
    <ClCompile Include="PlayerInfoManager.cpp">
      <Filter>CharacterData</Filter>
    </ClCompile>
    <ClCompile Include="ItemManager.cpp">
      <Filter>Item</Filter>
    </ClCompile>
    <ClCompile Include="Item.cpp">
      <Filter>Item</Filter>
    </ClCompile>
    <ClCompile Include="TerrainShader.cpp">
      <Filter>Shader\space</Filter>
    </ClCompile>
    <ClCompile Include="TerrainShader1_1.cpp">
      <Filter>Shader\in-game\1-1</Filter>
    </ClCompile>
    <ClCompile Include="TerrainShader1_2.cpp">
      <Filter>Shader\in-game\1-2</Filter>
    </ClCompile>
    <ClCompile Include="TerrainShader1_3.cpp">
      <Filter>Shader\in-game\1-3</Filter>
    </ClCompile>
    <ClCompile Include="TerrainShader2_1.cpp">
      <Filter>Shader\in-game\2-1</Filter>
    </ClCompile>
    <ClCompile Include="TerrainShader2_2.cpp">
      <Filter>Shader\in-game\2-2</Filter>
    </ClCompile>
    <ClCompile Include="TerrainShader2_3.cpp">
      <Filter>Shader\in-game\2-3</Filter>
    </ClCompile>
    <ClCompile Include="BoomShader.cpp">
      <Filter>Shader\in-game\etc</Filter>
    </ClCompile>
    <ClCompile Include="EnemyInfoManager.cpp">
      <Filter>CharacterData</Filter>
    </ClCompile>
    <ClCompile Include="LobbyInterfaceShader.cpp">
      <Filter>Shader\login</Filter>
    </ClCompile>
    <ClCompile Include="EnemyShader.cpp">
      <Filter>Shader\in-game\global</Filter>
    </ClCompile>
    <ClCompile Include="HealthBarShader.cpp">
      <Filter>Shader\in-game\global</Filter>
    </ClCompile>
    <ClCompile Include="InterfaceShader.cpp">
      <Filter>Shader\in-game\global</Filter>
    </ClCompile>
    <ClCompile Include="ParticleShader.cpp">
      <Filter>Shader\in-game\global</Filter>
    </ClCompile>
    <ClCompile Include="PlayerShader.cpp">
      <Filter>Shader\in-game\global</Filter>
    </ClCompile>
    <ClCompile Include="Shader.cpp">
      <Filter>Shader\in-game\global</Filter>
    </ClCompile>
    <ClCompile Include="ShadowShader.cpp">
      <Filter>Shader\in-game\global</Filter>
    </ClCompile>
    <ClCompile Include="MainInterfaceShader.cpp">
      <Filter>Shader\mainlobby</Filter>
    </ClCompile>
  </ItemGroup>
  <ItemGroup>
    <ClInclude Include="Player.h" />
    <ClInclude Include="Camera.h">
      <Filter>Camera</Filter>
    </ClInclude>
    <ClInclude Include="WICTextureLoader12.h">
      <Filter>d3dx</Filter>
    </ClInclude>
    <ClInclude Include="DDSTextureLoader12.h">
      <Filter>d3dx</Filter>
    </ClInclude>
    <ClInclude Include="targetver.h">
      <Filter>d3dx</Filter>
    </ClInclude>
    <ClInclude Include="Scene.h">
      <Filter>Scene</Filter>
    </ClInclude>
    <ClInclude Include="GameFramework.h">
      <Filter>GameFramework</Filter>
    </ClInclude>
    <ClInclude Include="LabProject08-8-8(Fbx Animation).h">
      <Filter>Project</Filter>
    </ClInclude>
    <ClInclude Include="Resource.h">
      <Filter>Project</Filter>
    </ClInclude>
    <ClInclude Include="stdafx.h">
      <Filter>Project</Filter>
    </ClInclude>
    <ClInclude Include="Timer.h">
      <Filter>Timer</Filter>
    </ClInclude>
    <ClInclude Include="Object.h">
      <Filter>GameObject</Filter>
    </ClInclude>
    <ClInclude Include="Mesh.h">
      <Filter>Mesh</Filter>
    </ClInclude>
    <ClInclude Include="..\AUSERVER\AUSERVER\protocol.h">
      <Filter>Network</Filter>
    </ClInclude>
    <ClInclude Include="Game_Data.h">
      <Filter>GameData</Filter>
    </ClInclude>
    <ClInclude Include="LevelLoader.h">
      <Filter>LevelLoader</Filter>
    </ClInclude>
    <ClInclude Include="CNet.h">
      <Filter>Network</Filter>
    </ClInclude>
    <ClInclude Include="CSound.h">
      <Filter>CSound</Filter>
    </ClInclude>
    <ClInclude Include="ResourceManager.h">
      <Filter>Resource</Filter>
    </ClInclude>
    <ClInclude Include="PlayerInfoManager.h">
      <Filter>CharacterData</Filter>
    </ClInclude>
    <ClInclude Include="PlayerData.h">
      <Filter>CharacterData</Filter>
    </ClInclude>
    <ClInclude Include="ItemManager.h">
      <Filter>Item</Filter>
    </ClInclude>
    <ClInclude Include="Item.h">
      <Filter>Item</Filter>
    </ClInclude>
    <ClInclude Include="TerrainShader.h">
      <Filter>Shader\space</Filter>
    </ClInclude>
    <ClInclude Include="TerrainShader1_1.h">
      <Filter>Shader\in-game\1-1</Filter>
    </ClInclude>
    <ClInclude Include="TerrainShader1_2.h">
      <Filter>Shader\in-game\1-2</Filter>
    </ClInclude>
    <ClInclude Include="TerrainShader1_3.h">
      <Filter>Shader\in-game\1-3</Filter>
    </ClInclude>
    <ClInclude Include="TerrainShader2_1.h">
      <Filter>Shader\in-game\2-1</Filter>
    </ClInclude>
    <ClInclude Include="TerrainShader2_2.h">
      <Filter>Shader\in-game\2-2</Filter>
    </ClInclude>
    <ClInclude Include="TerrainShader2_3.h">
      <Filter>Shader\in-game\2-3</Filter>
    </ClInclude>
    <ClInclude Include="BoomShader.h">
      <Filter>Shader\in-game\etc</Filter>
    </ClInclude>
    <ClInclude Include="EnemyData.h">
      <Filter>CharacterData</Filter>
    </ClInclude>
    <ClInclude Include="EnemyInfoManager.h">
      <Filter>CharacterData</Filter>
    </ClInclude>
    <ClInclude Include="LobbyInterfaceShader.h">
      <Filter>Shader\login</Filter>
    </ClInclude>
    <ClInclude Include="EnemyShader.h">
      <Filter>Shader\in-game\global</Filter>
    </ClInclude>
    <ClInclude Include="HealthBarShader.h">
      <Filter>Shader\in-game\global</Filter>
    </ClInclude>
    <ClInclude Include="InterfaceShader.h">
      <Filter>Shader\in-game\global</Filter>
    </ClInclude>
    <ClInclude Include="ParticleShader.h">
      <Filter>Shader\in-game\global</Filter>
    </ClInclude>
    <ClInclude Include="PlayerShader.h">
      <Filter>Shader\in-game\global</Filter>
    </ClInclude>
    <ClInclude Include="Shader.h">
      <Filter>Shader\in-game\global</Filter>
    </ClInclude>
    <ClInclude Include="ShadowShader.h">
      <Filter>Shader\in-game\global</Filter>
    </ClInclude>
    <ClInclude Include="MainInterfaceShader.h">
      <Filter>Shader\mainlobby</Filter>
    </ClInclude>
  </ItemGroup>
  <ItemGroup>
    <Image Include="small.ico">
      <Filter>Project</Filter>
    </Image>
    <Image Include="LabProject08-8-8(Fbx Animation).ico">
      <Filter>Project</Filter>
    </Image>
  </ItemGroup>
  <ItemGroup>
    <Filter Include="Camera">
      <UniqueIdentifier>{f6f4f8d4-cce8-40ca-9d46-092f004cae82}</UniqueIdentifier>
    </Filter>
    <Filter Include="d3dx">
      <UniqueIdentifier>{0e165988-5ba9-471f-8f68-9bd62e61c7bd}</UniqueIdentifier>
    </Filter>
    <Filter Include="Scene">
      <UniqueIdentifier>{e90681a2-85d5-4a63-ac14-11e44ad1f08d}</UniqueIdentifier>
    </Filter>
    <Filter Include="HLSL">
      <UniqueIdentifier>{3ed194c8-f599-4c3d-bde7-4ca883f1b02f}</UniqueIdentifier>
    </Filter>
    <Filter Include="Project">
      <UniqueIdentifier>{a20cdb28-b955-4167-8a08-914832ebcfe3}</UniqueIdentifier>
    </Filter>
    <Filter Include="Timer">
      <UniqueIdentifier>{707af939-95ba-40de-a487-05c1f44c68ef}</UniqueIdentifier>
    </Filter>
    <Filter Include="Shader">
      <UniqueIdentifier>{44508e8c-6828-4bef-bcc7-229db2ca3751}</UniqueIdentifier>
    </Filter>
    <Filter Include="Mesh">
      <UniqueIdentifier>{e94c1ccc-ef2f-496d-8f99-a577d035d2f1}</UniqueIdentifier>
    </Filter>
    <Filter Include="GameObject">
      <UniqueIdentifier>{57833012-98e3-437e-8b93-4fbc96e792d6}</UniqueIdentifier>
    </Filter>
    <Filter Include="Network">
      <UniqueIdentifier>{9ecd34cd-a4f0-4a5a-b1f0-41adfd23601f}</UniqueIdentifier>
    </Filter>
    <Filter Include="GameData">
      <UniqueIdentifier>{70621587-01a0-43da-a88c-6f2e519007f3}</UniqueIdentifier>
    </Filter>
    <Filter Include="LevelLoader">
      <UniqueIdentifier>{90bc2b47-6e42-493c-8640-f13bb11e3cbb}</UniqueIdentifier>
    </Filter>
    <Filter Include="CSound">
      <UniqueIdentifier>{ae07d54f-3bef-4bb8-b891-37429517b7c1}</UniqueIdentifier>
    </Filter>
    <Filter Include="GameFramework">
      <UniqueIdentifier>{9277d988-7472-4f78-8552-6128c5676354}</UniqueIdentifier>
    </Filter>
    <Filter Include="Resource">
      <UniqueIdentifier>{3bc38380-bcdd-4c59-b556-840eeca14f2a}</UniqueIdentifier>
    </Filter>
    <Filter Include="CharacterData">
      <UniqueIdentifier>{859c4ec7-1e6d-4929-9edd-b832c29e4457}</UniqueIdentifier>
    </Filter>
    <Filter Include="Item">
      <UniqueIdentifier>{2fb06f0b-199f-47bd-bbb6-9075879004e7}</UniqueIdentifier>
    </Filter>
    <Filter Include="Shader\space">
      <UniqueIdentifier>{cd4e4fb9-7095-403f-b726-75a9a92bafc0}</UniqueIdentifier>
    </Filter>
    <Filter Include="Shader\login">
      <UniqueIdentifier>{b6ea23e0-0bd0-4182-96b1-7cc9add66f34}</UniqueIdentifier>
    </Filter>
    <Filter Include="Shader\mainlobby">
      <UniqueIdentifier>{0cd9aeb8-5c5f-4ef3-a7af-172a707acc3e}</UniqueIdentifier>
    </Filter>
    <Filter Include="Shader\in-game">
      <UniqueIdentifier>{cfc84828-06bd-4195-8357-339aa557f09a}</UniqueIdentifier>
    </Filter>
    <Filter Include="Shader\in-game\2-3">
      <UniqueIdentifier>{a8f4f07b-a516-460e-a808-39fa7406db26}</UniqueIdentifier>
    </Filter>
    <Filter Include="Shader\in-game\1-1">
      <UniqueIdentifier>{0913a196-dddd-4614-a53b-bf7865a5fb59}</UniqueIdentifier>
    </Filter>
    <Filter Include="Shader\in-game\1-2">
      <UniqueIdentifier>{b090fa42-4527-41a9-88d7-08403c8ce9b0}</UniqueIdentifier>
    </Filter>
    <Filter Include="Shader\in-game\1-3">
      <UniqueIdentifier>{6c01063b-3bd0-4199-a245-89861dd0453c}</UniqueIdentifier>
    </Filter>
    <Filter Include="Shader\in-game\2-1">
      <UniqueIdentifier>{42ff3aa5-7fbc-447e-957a-a27a3f6554fb}</UniqueIdentifier>
    </Filter>
    <Filter Include="Shader\in-game\2-2">
      <UniqueIdentifier>{511ee12b-2be4-4b74-84ca-f980cde76114}</UniqueIdentifier>
    </Filter>
    <Filter Include="Shader\in-game\etc">
      <UniqueIdentifier>{cf70b954-09dc-41ae-9f84-92290188d616}</UniqueIdentifier>
    </Filter>
    <Filter Include="Shader\in-game\global">
      <UniqueIdentifier>{7c6642eb-0309-4be7-a885-d0df293c1185}</UniqueIdentifier>
    </Filter>
  </ItemGroup>
  <ItemGroup>
    <ResourceCompile Include="LabProject08-8-8(Fbx Animation).rc">
      <Filter>Project</Filter>
    </ResourceCompile>
  </ItemGroup>
</Project>