<?xml version="1.0" encoding="utf-8"?>
<Project ToolsVersion="4.0" xmlns="http://schemas.microsoft.com/developer/msbuild/2003">
  <ItemGroup>
    <FxCompile Include="Light.hlsl" />
    <FxCompile Include="Shaders.hlsl" />
  </ItemGroup>
  <ItemGroup>
    <ClCompile Include="Camera.cpp" />
    <ClCompile Include="DDSTextureLoader12.cpp" />
    <ClCompile Include="GameFramework.cpp" />
    <ClCompile Include="LabProject08-8-8(Fbx Animation).cpp" />
    <ClCompile Include="LevelLoader.cpp" />
    <ClCompile Include="Mesh.cpp" />
    <ClCompile Include="Object.cpp" />
    <ClCompile Include="Scene.cpp" />
    <ClCompile Include="Shader.cpp" />
    <ClCompile Include="stdafx.cpp" />
    <ClCompile Include="Timer.cpp" />
    <ClCompile Include="WICTextureLoader12.cpp" />
  </ItemGroup>
  <ItemGroup>
    <ClInclude Include="Camera.h" />
    <ClInclude Include="DDSTextureLoader12.h" />
    <ClInclude Include="GameFramework.h" />
    <ClInclude Include="Game_Data.h" />
    <ClInclude Include="LabProject08-8-8(Fbx Animation).h" />
    <ClInclude Include="LevelLoader.h" />
    <ClInclude Include="Mesh.h" />
    <ClInclude Include="Object.h" />
    <ClInclude Include="Player.h" />
    <ClInclude Include="Resource.h" />
    <ClInclude Include="Scene.h" />
    <ClInclude Include="Shader.h" />
    <ClInclude Include="stdafx.h" />
    <ClInclude Include="targetver.h" />
    <ClInclude Include="Timer.h" />
    <ClInclude Include="WICTextureLoader12.h" />
    <ClInclude Include="..\AUSERVER\AUSERVER\protocol.h" />
  </ItemGroup>
  <ItemGroup>
    <ResourceCompile Include="LabProject08-8-8(Fbx Animation).rc" />
  </ItemGroup>
  <ItemGroup>
    <Image Include="LabProject08-8-8(Fbx Animation).ico" />
    <Image Include="small.ico" />
  </ItemGroup>
</Project>